
Microsoft Visual Studio Solution File, Format Version 12.00
# Visual Studio Version 17
VisualStudioVersion = 17.5.33209.295
MinimumVisualStudioVersion = 10.0.40219.1
Project("{FAE04EC0-301F-11D3-BF4B-00C04F79EFBC}") = "PlannerQueries", "PlannerQueries\PlannerQueries.csproj", "{DAF05550-6EAE-46E9-BB8E-100E3567D650}"
EndProject
Project("{FAE04EC0-301F-11D3-BF4B-00C04F79EFBC}") = "PlannerQueries.Tests", "PlannerQueries.Tests\PlannerQueries.Tests.csproj", "{8E6E669D-ED79-4964-9961-9EA69043DCFA}"
EndProject
Global
	GlobalSection(SolutionConfigurationPlatforms) = preSolution
		Debug|Any CPU = Debug|Any CPU
		Release|Any CPU = Release|Any CPU
	EndGlobalSection
	GlobalSection(ProjectConfigurationPlatforms) = postSolution
		{DAF05550-6EAE-46E9-BB8E-100E3567D650}.Debug|Any CPU.ActiveCfg = Debug|Any CPU
		{DAF05550-6EAE-46E9-BB8E-100E3567D650}.Debug|Any CPU.Build.0 = Debug|Any CPU
		{DAF05550-6EAE-46E9-BB8E-100E3567D650}.Release|Any CPU.ActiveCfg = Release|Any CPU
		{DAF05550-6EAE-46E9-BB8E-100E3567D650}.Release|Any CPU.Build.0 = Release|Any CPU
		{8E6E669D-ED79-4964-9961-9EA69043DCFA}.Debug|Any CPU.ActiveCfg = Debug|Any CPU
		{8E6E669D-ED79-4964-9961-9EA69043DCFA}.Debug|Any CPU.Build.0 = Debug|Any CPU
		{8E6E669D-ED79-4964-9961-9EA69043DCFA}.Release|Any CPU.ActiveCfg = Release|Any CPU
		{8E6E669D-ED79-4964-9961-9EA69043DCFA}.Release|Any CPU.Build.0 = Release|Any CPU
	EndGlobalSection
	GlobalSection(SolutionProperties) = preSolution
		HideSolutionNode = FALSE
	EndGlobalSection
	GlobalSection(ExtensibilityGlobals) = postSolution
		SolutionGuid = {4D9F91AE-DC42-4A82-86CA-0A48717B29C1}
	EndGlobalSection
EndGlobal
